// !$*UTF8*$!
{
	archiveVersion = 1;
	classes = {
	};
	objectVersion = 55;
	objects = {

/* Begin PBXBuildFile section */
		C808467728C0BCFB00A17C3A /* Constants.swift in Sources */ = {isa = PBXBuildFile; fileRef = C808467628C0BCFB00A17C3A /* Constants.swift */; };
		C808467928C0C19F00A17C3A /* UserDefaults.swift in Sources */ = {isa = PBXBuildFile; fileRef = C808467828C0C19F00A17C3A /* UserDefaults.swift */; };
		C8DC739428BBF4A6006BD3E0 /* AppDelegate.swift in Sources */ = {isa = PBXBuildFile; fileRef = C8DC739328BBF4A6006BD3E0 /* AppDelegate.swift */; };
		C8DC739628BBF4A6006BD3E0 /* SceneDelegate.swift in Sources */ = {isa = PBXBuildFile; fileRef = C8DC739528BBF4A6006BD3E0 /* SceneDelegate.swift */; };
		C8DC739828BBF4A6006BD3E0 /* HomeViewController.swift in Sources */ = {isa = PBXBuildFile; fileRef = C8DC739728BBF4A6006BD3E0 /* HomeViewController.swift */; };
		C8DC739B28BBF4A6006BD3E0 /* Main.storyboard in Resources */ = {isa = PBXBuildFile; fileRef = C8DC739928BBF4A6006BD3E0 /* Main.storyboard */; };
		C8DC739D28BBF4AB006BD3E0 /* Assets.xcassets in Resources */ = {isa = PBXBuildFile; fileRef = C8DC739C28BBF4AB006BD3E0 /* Assets.xcassets */; };
		C8DC73A028BBF4AB006BD3E0 /* LaunchScreen.storyboard in Resources */ = {isa = PBXBuildFile; fileRef = C8DC739E28BBF4AB006BD3E0 /* LaunchScreen.storyboard */; };
		C8DC73A928BBF5CF006BD3E0 /* NewNoteViewController.swift in Sources */ = {isa = PBXBuildFile; fileRef = C8DC73A828BBF5CF006BD3E0 /* NewNoteViewController.swift */; };
		C8DC73AC28BCB7A7006BD3E0 /* Note.swift in Sources */ = {isa = PBXBuildFile; fileRef = C8DC73AB28BCB7A7006BD3E0 /* Note.swift */; };
		C8DC73AE28BCC336006BD3E0 /* ExtensionNewNote.swift in Sources */ = {isa = PBXBuildFile; fileRef = C8DC73AD28BCC336006BD3E0 /* ExtensionNewNote.swift */; };
		C8DC73B328BCFB98006BD3E0 /* NoteTableViewCell.swift in Sources */ = {isa = PBXBuildFile; fileRef = C8DC73B128BCFB98006BD3E0 /* NoteTableViewCell.swift */; };
		C8DC73B428BCFB98006BD3E0 /* NoteTableViewCell.xib in Resources */ = {isa = PBXBuildFile; fileRef = C8DC73B228BCFB98006BD3E0 /* NoteTableViewCell.xib */; };
		C8DC73B728BE52F3006BD3E0 /* NewNoteNavigation.swift in Sources */ = {isa = PBXBuildFile; fileRef = C8DC73B628BE52F3006BD3E0 /* NewNoteNavigation.swift */; };
		C8DC73BE28BE731E006BD3E0 /* HomeNavigationBar.swift in Sources */ = {isa = PBXBuildFile; fileRef = C8DC73BD28BE731E006BD3E0 /* HomeNavigationBar.swift */; };
/* End PBXBuildFile section */

/* Begin PBXFileReference section */
		C808467628C0BCFB00A17C3A /* Constants.swift */ = {isa = PBXFileReference; lastKnownFileType = sourcecode.swift; path = Constants.swift; sourceTree = "<group>"; };
		C808467828C0C19F00A17C3A /* UserDefaults.swift */ = {isa = PBXFileReference; lastKnownFileType = sourcecode.swift; path = UserDefaults.swift; sourceTree = "<group>"; };
		C8DC739028BBF4A6006BD3E0 /* Notes.app */ = {isa = PBXFileReference; explicitFileType = wrapper.application; includeInIndex = 0; path = Notes.app; sourceTree = BUILT_PRODUCTS_DIR; };
		C8DC739328BBF4A6006BD3E0 /* AppDelegate.swift */ = {isa = PBXFileReference; lastKnownFileType = sourcecode.swift; path = AppDelegate.swift; sourceTree = "<group>"; };
		C8DC739528BBF4A6006BD3E0 /* SceneDelegate.swift */ = {isa = PBXFileReference; lastKnownFileType = sourcecode.swift; path = SceneDelegate.swift; sourceTree = "<group>"; };
		C8DC739728BBF4A6006BD3E0 /* HomeViewController.swift */ = {isa = PBXFileReference; lastKnownFileType = sourcecode.swift; path = HomeViewController.swift; sourceTree = "<group>"; };
		C8DC739A28BBF4A6006BD3E0 /* Base */ = {isa = PBXFileReference; lastKnownFileType = file.storyboard; name = Base; path = Base.lproj/Main.storyboard; sourceTree = "<group>"; };
		C8DC739C28BBF4AB006BD3E0 /* Assets.xcassets */ = {isa = PBXFileReference; lastKnownFileType = folder.assetcatalog; path = Assets.xcassets; sourceTree = "<group>"; };
		C8DC739F28BBF4AB006BD3E0 /* Base */ = {isa = PBXFileReference; lastKnownFileType = file.storyboard; name = Base; path = Base.lproj/LaunchScreen.storyboard; sourceTree = "<group>"; };
		C8DC73A128BBF4AB006BD3E0 /* Info.plist */ = {isa = PBXFileReference; lastKnownFileType = text.plist.xml; path = Info.plist; sourceTree = "<group>"; };
		C8DC73A828BBF5CF006BD3E0 /* NewNoteViewController.swift */ = {isa = PBXFileReference; lastKnownFileType = sourcecode.swift; path = NewNoteViewController.swift; sourceTree = "<group>"; };
		C8DC73AB28BCB7A7006BD3E0 /* Note.swift */ = {isa = PBXFileReference; lastKnownFileType = sourcecode.swift; path = Note.swift; sourceTree = "<group>"; };
		C8DC73AD28BCC336006BD3E0 /* ExtensionNewNote.swift */ = {isa = PBXFileReference; lastKnownFileType = sourcecode.swift; path = ExtensionNewNote.swift; sourceTree = "<group>"; };
		C8DC73B128BCFB98006BD3E0 /* NoteTableViewCell.swift */ = {isa = PBXFileReference; lastKnownFileType = sourcecode.swift; path = NoteTableViewCell.swift; sourceTree = "<group>"; };
		C8DC73B228BCFB98006BD3E0 /* NoteTableViewCell.xib */ = {isa = PBXFileReference; lastKnownFileType = file.xib; path = NoteTableViewCell.xib; sourceTree = "<group>"; };
		C8DC73B628BE52F3006BD3E0 /* NewNoteNavigation.swift */ = {isa = PBXFileReference; lastKnownFileType = sourcecode.swift; path = NewNoteNavigation.swift; sourceTree = "<group>"; };
		C8DC73BD28BE731E006BD3E0 /* HomeNavigationBar.swift */ = {isa = PBXFileReference; lastKnownFileType = sourcecode.swift; path = HomeNavigationBar.swift; sourceTree = "<group>"; };
/* End PBXFileReference section */

/* Begin PBXFrameworksBuildPhase section */
		C8DC738D28BBF4A6006BD3E0 /* Frameworks */ = {
			isa = PBXFrameworksBuildPhase;
			buildActionMask = 2147483647;
			files = (
			);
			runOnlyForDeploymentPostprocessing = 0;
		};
/* End PBXFrameworksBuildPhase section */

/* Begin PBXGroup section */
		C808467328C0968500A17C3A /* TableViewCell */ = {
			isa = PBXGroup;
			children = (
				C8DC73B128BCFB98006BD3E0 /* NoteTableViewCell.swift */,
				C8DC73B228BCFB98006BD3E0 /* NoteTableViewCell.xib */,
			);
			path = TableViewCell;
			sourceTree = "<group>";
		};
		C808467A28C0C2CA00A17C3A /* Constants */ = {
			isa = PBXGroup;
			children = (
				C808467628C0BCFB00A17C3A /* Constants.swift */,
			);
			path = Constants;
			sourceTree = "<group>";
		};
		C808467B28C0C2D900A17C3A /* UserDefaults */ = {
			isa = PBXGroup;
			children = (
				C808467828C0C19F00A17C3A /* UserDefaults.swift */,
			);
			path = UserDefaults;
			sourceTree = "<group>";
		};
		C808467C28C0C2EE00A17C3A /* Delegate */ = {
			isa = PBXGroup;
			children = (
				C8DC739328BBF4A6006BD3E0 /* AppDelegate.swift */,
				C8DC739528BBF4A6006BD3E0 /* SceneDelegate.swift */,
			);
			path = Delegate;
			sourceTree = "<group>";
		};
		C808467D28C0C30D00A17C3A /* View */ = {
			isa = PBXGroup;
			children = (
				C8DC739928BBF4A6006BD3E0 /* Main.storyboard */,
				C8DC739E28BBF4AB006BD3E0 /* LaunchScreen.storyboard */,
			);
			path = View;
			sourceTree = "<group>";
		};
		C808467E28C0C33A00A17C3A /* Resources */ = {
			isa = PBXGroup;
			children = (
				C8DC739C28BBF4AB006BD3E0 /* Assets.xcassets */,
			);
			path = Resources;
			sourceTree = "<group>";
		};
		C8DC738728BBF4A6006BD3E0 = {
			isa = PBXGroup;
			children = (
				C8DC739228BBF4A6006BD3E0 /* Notes */,
				C8DC739128BBF4A6006BD3E0 /* Products */,
			);
			sourceTree = "<group>";
		};
		C8DC739128BBF4A6006BD3E0 /* Products */ = {
			isa = PBXGroup;
			children = (
				C8DC739028BBF4A6006BD3E0 /* Notes.app */,
			);
			name = Products;
			sourceTree = "<group>";
		};
		C8DC739228BBF4A6006BD3E0 /* Notes */ = {
			isa = PBXGroup;
			children = (
				C8DC73AA28BCB796006BD3E0 /* Models */,
				C8DC73A728BBF5C0006BD3E0 /* ViewControllers */,
				C8DC73B528BE52D7006BD3E0 /* NavigationBar */,
				C808467B28C0C2D900A17C3A /* UserDefaults */,
				C808467A28C0C2CA00A17C3A /* Constants */,
				C808467C28C0C2EE00A17C3A /* Delegate */,
				C808467D28C0C30D00A17C3A /* View */,
				C808467E28C0C33A00A17C3A /* Resources */,
				C8DC73A128BBF4AB006BD3E0 /* Info.plist */,
			);
			path = Notes;
			sourceTree = "<group>";
		};
		C8DC73A728BBF5C0006BD3E0 /* ViewControllers */ = {
			isa = PBXGroup;
			children = (
				C8DC739728BBF4A6006BD3E0 /* HomeViewController.swift */,
				C8DC73A828BBF5CF006BD3E0 /* NewNoteViewController.swift */,
				C8DC73AD28BCC336006BD3E0 /* ExtensionNewNote.swift */,
				C808467328C0968500A17C3A /* TableViewCell */,
			);
			path = ViewControllers;
			sourceTree = "<group>";
		};
		C8DC73AA28BCB796006BD3E0 /* Models */ = {
			isa = PBXGroup;
			children = (
				C8DC73AB28BCB7A7006BD3E0 /* Note.swift */,
			);
			path = Models;
			sourceTree = "<group>";
		};
		C8DC73B528BE52D7006BD3E0 /* NavigationBar */ = {
			isa = PBXGroup;
			children = (
				C8DC73BD28BE731E006BD3E0 /* HomeNavigationBar.swift */,
				C8DC73B628BE52F3006BD3E0 /* NewNoteNavigation.swift */,
			);
			path = NavigationBar;
			sourceTree = "<group>";
		};
/* End PBXGroup section */

/* Begin PBXNativeTarget section */
		C8DC738F28BBF4A6006BD3E0 /* Notes */ = {
			isa = PBXNativeTarget;
			buildConfigurationList = C8DC73A428BBF4AB006BD3E0 /* Build configuration list for PBXNativeTarget "Notes" */;
			buildPhases = (
				C8DC738C28BBF4A6006BD3E0 /* Sources */,
				C8DC738D28BBF4A6006BD3E0 /* Frameworks */,
				C8DC738E28BBF4A6006BD3E0 /* Resources */,
			);
			buildRules = (
			);
			dependencies = (
			);
			name = Notes;
			productName = Notes;
			productReference = C8DC739028BBF4A6006BD3E0 /* Notes.app */;
			productType = "com.apple.product-type.application";
		};
/* End PBXNativeTarget section */

/* Begin PBXProject section */
		C8DC738828BBF4A6006BD3E0 /* Project object */ = {
			isa = PBXProject;
			attributes = {
				BuildIndependentTargetsInParallel = 1;
				LastSwiftUpdateCheck = 1330;
				LastUpgradeCheck = 1330;
				TargetAttributes = {
					C8DC738F28BBF4A6006BD3E0 = {
						CreatedOnToolsVersion = 13.3.1;
					};
				};
			};
			buildConfigurationList = C8DC738B28BBF4A6006BD3E0 /* Build configuration list for PBXProject "Notes" */;
			compatibilityVersion = "Xcode 13.0";
			developmentRegion = en;
			hasScannedForEncodings = 0;
			knownRegions = (
				en,
				Base,
			);
			mainGroup = C8DC738728BBF4A6006BD3E0;
			productRefGroup = C8DC739128BBF4A6006BD3E0 /* Products */;
			projectDirPath = "";
			projectRoot = "";
			targets = (
				C8DC738F28BBF4A6006BD3E0 /* Notes */,
			);
		};
/* End PBXProject section */

/* Begin PBXResourcesBuildPhase section */
		C8DC738E28BBF4A6006BD3E0 /* Resources */ = {
			isa = PBXResourcesBuildPhase;
			buildActionMask = 2147483647;
			files = (
				C8DC73A028BBF4AB006BD3E0 /* LaunchScreen.storyboard in Resources */,
				C8DC739D28BBF4AB006BD3E0 /* Assets.xcassets in Resources */,
				C8DC739B28BBF4A6006BD3E0 /* Main.storyboard in Resources */,
				C8DC73B428BCFB98006BD3E0 /* NoteTableViewCell.xib in Resources */,
			);
			runOnlyForDeploymentPostprocessing = 0;
		};
/* End PBXResourcesBuildPhase section */

/* Begin PBXSourcesBuildPhase section */
		C8DC738C28BBF4A6006BD3E0 /* Sources */ = {
			isa = PBXSourcesBuildPhase;
			buildActionMask = 2147483647;
			files = (
				C8DC73AC28BCB7A7006BD3E0 /* Note.swift in Sources */,
				C8DC739828BBF4A6006BD3E0 /* HomeViewController.swift in Sources */,
				C8DC73B728BE52F3006BD3E0 /* NewNoteNavigation.swift in Sources */,
				C8DC73A928BBF5CF006BD3E0 /* NewNoteViewController.swift in Sources */,
				C8DC739428BBF4A6006BD3E0 /* AppDelegate.swift in Sources */,
				C8DC73BE28BE731E006BD3E0 /* HomeNavigationBar.swift in Sources */,
				C8DC73AE28BCC336006BD3E0 /* ExtensionNewNote.swift in Sources */,
				C808467928C0C19F00A17C3A /* UserDefaults.swift in Sources */,
				C8DC73B328BCFB98006BD3E0 /* NoteTableViewCell.swift in Sources */,
				C8DC739628BBF4A6006BD3E0 /* SceneDelegate.swift in Sources */,
				C808467728C0BCFB00A17C3A /* Constants.swift in Sources */,
			);
			runOnlyForDeploymentPostprocessing = 0;
		};
/* End PBXSourcesBuildPhase section */

/* Begin PBXVariantGroup section */
		C8DC739928BBF4A6006BD3E0 /* Main.storyboard */ = {
			isa = PBXVariantGroup;
			children = (
				C8DC739A28BBF4A6006BD3E0 /* Base */,
			);
			name = Main.storyboard;
			sourceTree = "<group>";
		};
		C8DC739E28BBF4AB006BD3E0 /* LaunchScreen.storyboard */ = {
			isa = PBXVariantGroup;
			children = (
				C8DC739F28BBF4AB006BD3E0 /* Base */,
			);
			name = LaunchScreen.storyboard;
			sourceTree = "<group>";
		};
/* End PBXVariantGroup section */

/* Begin XCBuildConfiguration section */
		C8DC73A228BBF4AB006BD3E0 /* Debug */ = {
			isa = XCBuildConfiguration;
			buildSettings = {
				ALWAYS_SEARCH_USER_PATHS = NO;
				CLANG_ANALYZER_NONNULL = YES;
				CLANG_ANALYZER_NUMBER_OBJECT_CONVERSION = YES_AGGRESSIVE;
				CLANG_CXX_LANGUAGE_STANDARD = "gnu++17";
				CLANG_ENABLE_MODULES = YES;
				CLANG_ENABLE_OBJC_ARC = YES;
				CLANG_ENABLE_OBJC_WEAK = YES;
				CLANG_WARN_BLOCK_CAPTURE_AUTORELEASING = YES;
				CLANG_WARN_BOOL_CONVERSION = YES;
				CLANG_WARN_COMMA = YES;
				CLANG_WARN_CONSTANT_CONVERSION = YES;
				CLANG_WARN_DEPRECATED_OBJC_IMPLEMENTATIONS = YES;
				CLANG_WARN_DIRECT_OBJC_ISA_USAGE = YES_ERROR;
				CLANG_WARN_DOCUMENTATION_COMMENTS = YES;
				CLANG_WARN_EMPTY_BODY = YES;
				CLANG_WARN_ENUM_CONVERSION = YES;
				CLANG_WARN_INFINITE_RECURSION = YES;
				CLANG_WARN_INT_CONVERSION = YES;
				CLANG_WARN_NON_LITERAL_NULL_CONVERSION = YES;
				CLANG_WARN_OBJC_IMPLICIT_RETAIN_SELF = YES;
				CLANG_WARN_OBJC_LITERAL_CONVERSION = YES;
				CLANG_WARN_OBJC_ROOT_CLASS = YES_ERROR;
				CLANG_WARN_QUOTED_INCLUDE_IN_FRAMEWORK_HEADER = YES;
				CLANG_WARN_RANGE_LOOP_ANALYSIS = YES;
				CLANG_WARN_STRICT_PROTOTYPES = YES;
				CLANG_WARN_SUSPICIOUS_MOVE = YES;
				CLANG_WARN_UNGUARDED_AVAILABILITY = YES_AGGRESSIVE;
				CLANG_WARN_UNREACHABLE_CODE = YES;
				CLANG_WARN__DUPLICATE_METHOD_MATCH = YES;
				COPY_PHASE_STRIP = NO;
				DEBUG_INFORMATION_FORMAT = dwarf;
				ENABLE_STRICT_OBJC_MSGSEND = YES;
				ENABLE_TESTABILITY = YES;
				GCC_C_LANGUAGE_STANDARD = gnu11;
				GCC_DYNAMIC_NO_PIC = NO;
				GCC_NO_COMMON_BLOCKS = YES;
				GCC_OPTIMIZATION_LEVEL = 0;
				GCC_PREPROCESSOR_DEFINITIONS = (
					"DEBUG=1",
					"$(inherited)",
				);
				GCC_WARN_64_TO_32_BIT_CONVERSION = YES;
				GCC_WARN_ABOUT_RETURN_TYPE = YES_ERROR;
				GCC_WARN_UNDECLARED_SELECTOR = YES;
				GCC_WARN_UNINITIALIZED_AUTOS = YES_AGGRESSIVE;
				GCC_WARN_UNUSED_FUNCTION = YES;
				GCC_WARN_UNUSED_VARIABLE = YES;
				IPHONEOS_DEPLOYMENT_TARGET = 15.4;
				MTL_ENABLE_DEBUG_INFO = INCLUDE_SOURCE;
				MTL_FAST_MATH = YES;
				ONLY_ACTIVE_ARCH = YES;
				SDKROOT = iphoneos;
				SWIFT_ACTIVE_COMPILATION_CONDITIONS = DEBUG;
				SWIFT_OPTIMIZATION_LEVEL = "-Onone";
			};
			name = Debug;
		};
		C8DC73A328BBF4AB006BD3E0 /* Release */ = {
			isa = XCBuildConfiguration;
			buildSettings = {
				ALWAYS_SEARCH_USER_PATHS = NO;
				CLANG_ANALYZER_NONNULL = YES;
				CLANG_ANALYZER_NUMBER_OBJECT_CONVERSION = YES_AGGRESSIVE;
				CLANG_CXX_LANGUAGE_STANDARD = "gnu++17";
				CLANG_ENABLE_MODULES = YES;
				CLANG_ENABLE_OBJC_ARC = YES;
				CLANG_ENABLE_OBJC_WEAK = YES;
				CLANG_WARN_BLOCK_CAPTURE_AUTORELEASING = YES;
				CLANG_WARN_BOOL_CONVERSION = YES;
				CLANG_WARN_COMMA = YES;
				CLANG_WARN_CONSTANT_CONVERSION = YES;
				CLANG_WARN_DEPRECATED_OBJC_IMPLEMENTATIONS = YES;
				CLANG_WARN_DIRECT_OBJC_ISA_USAGE = YES_ERROR;
				CLANG_WARN_DOCUMENTATION_COMMENTS = YES;
				CLANG_WARN_EMPTY_BODY = YES;
				CLANG_WARN_ENUM_CONVERSION = YES;
				CLANG_WARN_INFINITE_RECURSION = YES;
				CLANG_WARN_INT_CONVERSION = YES;
				CLANG_WARN_NON_LITERAL_NULL_CONVERSION = YES;
				CLANG_WARN_OBJC_IMPLICIT_RETAIN_SELF = YES;
				CLANG_WARN_OBJC_LITERAL_CONVERSION = YES;
				CLANG_WARN_OBJC_ROOT_CLASS = YES_ERROR;
				CLANG_WARN_QUOTED_INCLUDE_IN_FRAMEWORK_HEADER = YES;
				CLANG_WARN_RANGE_LOOP_ANALYSIS = YES;
				CLANG_WARN_STRICT_PROTOTYPES = YES;
				CLANG_WARN_SUSPICIOUS_MOVE = YES;
				CLANG_WARN_UNGUARDED_AVAILABILITY = YES_AGGRESSIVE;
				CLANG_WARN_UNREACHABLE_CODE = YES;
				CLANG_WARN__DUPLICATE_METHOD_MATCH = YES;
				COPY_PHASE_STRIP = NO;
				DEBUG_INFORMATION_FORMAT = "dwarf-with-dsym";
				ENABLE_NS_ASSERTIONS = NO;
				ENABLE_STRICT_OBJC_MSGSEND = YES;
				GCC_C_LANGUAGE_STANDARD = gnu11;
				GCC_NO_COMMON_BLOCKS = YES;
				GCC_WARN_64_TO_32_BIT_CONVERSION = YES;
				GCC_WARN_ABOUT_RETURN_TYPE = YES_ERROR;
				GCC_WARN_UNDECLARED_SELECTOR = YES;
				GCC_WARN_UNINITIALIZED_AUTOS = YES_AGGRESSIVE;
				GCC_WARN_UNUSED_FUNCTION = YES;
				GCC_WARN_UNUSED_VARIABLE = YES;
				IPHONEOS_DEPLOYMENT_TARGET = 15.4;
				MTL_ENABLE_DEBUG_INFO = NO;
				MTL_FAST_MATH = YES;
				SDKROOT = iphoneos;
				SWIFT_COMPILATION_MODE = wholemodule;
				SWIFT_OPTIMIZATION_LEVEL = "-O";
				VALIDATE_PRODUCT = YES;
			};
			name = Release;
		};
		C8DC73A528BBF4AB006BD3E0 /* Debug */ = {
			isa = XCBuildConfiguration;
			buildSettings = {
				ASSETCATALOG_COMPILER_APPICON_NAME = AppIcon;
				ASSETCATALOG_COMPILER_GLOBAL_ACCENT_COLOR_NAME = AccentColor;
				CODE_SIGN_STYLE = Automatic;
				CURRENT_PROJECT_VERSION = 1;
				GENERATE_INFOPLIST_FILE = YES;
				INFOPLIST_FILE = Notes/Info.plist;
				INFOPLIST_KEY_UIApplicationSupportsIndirectInputEvents = YES;
				INFOPLIST_KEY_UILaunchStoryboardName = LaunchScreen;
				INFOPLIST_KEY_UIMainStoryboardFile = Main;
				INFOPLIST_KEY_UISupportedInterfaceOrientations_iPad = "UIInterfaceOrientationPortrait UIInterfaceOrientationPortraitUpsideDown UIInterfaceOrientationLandscapeLeft UIInterfaceOrientationLandscapeRight";
				INFOPLIST_KEY_UISupportedInterfaceOrientations_iPhone = "UIInterfaceOrientationPortrait UIInterfaceOrientationLandscapeLeft UIInterfaceOrientationLandscapeRight";
				LD_RUNPATH_SEARCH_PATHS = (
					"$(inherited)",
					"@executable_path/Frameworks",
				);
				MARKETING_VERSION = 1.0;
				PRODUCT_BUNDLE_IDENTIFIER = com.evalentina.Notes;
				PRODUCT_NAME = "$(TARGET_NAME)";
				SWIFT_EMIT_LOC_STRINGS = YES;
				SWIFT_VERSION = 5.0;
				TARGETED_DEVICE_FAMILY = "1,2";
			};
			name = Debug;
		};
		C8DC73A628BBF4AB006BD3E0 /* Release */ = {
			isa = XCBuildConfiguration;
			buildSettings = {
				ASSETCATALOG_COMPILER_APPICON_NAME = AppIcon;
				ASSETCATALOG_COMPILER_GLOBAL_ACCENT_COLOR_NAME = AccentColor;
				CODE_SIGN_STYLE = Automatic;
				CURRENT_PROJECT_VERSION = 1;
				GENERATE_INFOPLIST_FILE = YES;
				INFOPLIST_FILE = Notes/Info.plist;
				INFOPLIST_KEY_UIApplicationSupportsIndirectInputEvents = YES;
				INFOPLIST_KEY_UILaunchStoryboardName = LaunchScreen;
				INFOPLIST_KEY_UIMainStoryboardFile = Main;
				INFOPLIST_KEY_UISupportedInterfaceOrientations_iPad = "UIInterfaceOrientationPortrait UIInterfaceOrientationPortraitUpsideDown UIInterfaceOrientationLandscapeLeft UIInterfaceOrientationLandscapeRight";
				INFOPLIST_KEY_UISupportedInterfaceOrientations_iPhone = "UIInterfaceOrientationPortrait UIInterfaceOrientationLandscapeLeft UIInterfaceOrientationLandscapeRight";
				LD_RUNPATH_SEARCH_PATHS = (
					"$(inherited)",
					"@executable_path/Frameworks",
				);
				MARKETING_VERSION = 1.0;
				PRODUCT_BUNDLE_IDENTIFIER = com.evalentina.Notes;
				PRODUCT_NAME = "$(TARGET_NAME)";
				SWIFT_EMIT_LOC_STRINGS = YES;
				SWIFT_VERSION = 5.0;
				TARGETED_DEVICE_FAMILY = "1,2";
			};
			name = Release;
		};
/* End XCBuildConfiguration section */

/* Begin XCConfigurationList section */
		C8DC738B28BBF4A6006BD3E0 /* Build configuration list for PBXProject "Notes" */ = {
			isa = XCConfigurationList;
			buildConfigurations = (
				C8DC73A228BBF4AB006BD3E0 /* Debug */,
				C8DC73A328BBF4AB006BD3E0 /* Release */,
			);
			defaultConfigurationIsVisible = 0;
			defaultConfigurationName = Release;
		};
		C8DC73A428BBF4AB006BD3E0 /* Build configuration list for PBXNativeTarget "Notes" */ = {
			isa = XCConfigurationList;
			buildConfigurations = (
				C8DC73A528BBF4AB006BD3E0 /* Debug */,
				C8DC73A628BBF4AB006BD3E0 /* Release */,
			);
			defaultConfigurationIsVisible = 0;
			defaultConfigurationName = Release;
		};
/* End XCConfigurationList section */
	};
	rootObject = C8DC738828BBF4A6006BD3E0 /* Project object */;
}
